lockfileVersion: '9.0'

settings:
  autoInstallPeers: true
  excludeLinksFromLockfile: false

overrides:
  '@mastra/core': link:../../../../packages/core

importers:

  .:
    dependencies:
      '@mastra/core':
        specifier: link:../../../../packages/core
        version: link:../../../../packages/core
      zod:
        specifier: ^3.25.56
        version: 3.25.56

packages:

  zod@3.25.56:
    resolution: {integrity: sha512-rd6eEF3BTNvQnR2e2wwolfTmUTnp70aUTqr0oaGbHifzC3BKJsoV+Gat8vxUMR1hwOKBs6El+qWehrHbCpW6SQ==}

snapshots:

  zod@3.25.56: {}
