lockfileVersion: '9.0'

settings:
  autoInstallPeers: true
  excludeLinksFromLockfile: false

overrides:
  '@mastra/core': link:../../../../packages/core
  '@mastra/evals': link:../../../../packages/evals
  '@mastra/libsql': link:../../../../stores/libsql
  mastra: link:../../../../packages/cli

importers:

  .:
    dependencies:
      '@ai-sdk/openai':
        specifier: latest
        version: 1.3.23(zod@3.25.76)
      '@mastra/core':
        specifier: link:../../../../packages/core
        version: link:../../../../packages/core
      '@mastra/evals':
        specifier: link:../../../../packages/evals
        version: link:../../../../packages/evals
      '@mastra/libsql':
        specifier: link:../../../../stores/libsql
        version: link:../../../../stores/libsql
      zod:
        specifier: ^3.25.67
        version: 3.25.76
    devDependencies:
      dotenv:
        specifier: ^17.0.0
        version: 17.2.1
      mastra:
        specifier: link:../../../../packages/cli
        version: link:../../../../packages/cli

packages:

  '@ai-sdk/openai@1.3.23':
    resolution: {integrity: sha512-86U7rFp8yacUAOE/Jz8WbGcwMCqWvjK33wk5DXkfnAOEn3mx2r7tNSJdjukQFZbAK97VMXGPPHxF+aEARDXRXQ==}
    engines: {node: '>=18'}
    peerDependencies:
      zod: ^3.0.0

  '@ai-sdk/provider-utils@2.2.8':
    resolution: {integrity: sha512-fqhG+4sCVv8x7nFzYnFo19ryhAa3w096Kmc3hWxMQfW/TubPOmt3A6tYZhl4mUfQWWQMsuSkLrtjlWuXBVSGQA==}
    engines: {node: '>=18'}
    peerDependencies:
      zod: ^3.23.8

  '@ai-sdk/provider@1.1.3':
    resolution: {integrity: sha512-qZMxYJ0qqX/RfnuIaab+zp8UAeJn/ygXXAffR5I4N0n1IrvA6qBsjc8hXLmBiMV2zoXlifkacF7sEFnYnjBcqg==}
    engines: {node: '>=18'}

  dotenv@17.2.1:
    resolution: {integrity: sha512-kQhDYKZecqnM0fCnzI5eIv5L4cAe/iRI+HqMbO/hbRdTAeXDG+M9FjipUxNfbARuEg4iHIbhnhs78BCHNbSxEQ==}
    engines: {node: '>=12'}

  json-schema@0.4.0:
    resolution: {integrity: sha512-es94M3nTIfsEPisRafak+HDLfHXnKBhV3vU5eqPcS3flIWqcxJWgXHXiey3YrpaNsanY5ei1VoYEbOzijuq9BA==}

  nanoid@3.3.11:
    resolution: {integrity: sha512-N8SpfPUnUp1bK+PMYW8qSWdl9U+wwNWI4QKxOYDy9JAro3WMX7p2OeVRF9v+347pnakNevPmiHhNmZ2HbFA76w==}
    engines: {node: ^10 || ^12 || ^13.7 || ^14 || >=15.0.1}
    hasBin: true

  secure-json-parse@2.7.0:
    resolution: {integrity: sha512-6aU+Rwsezw7VR8/nyvKTx8QpWH9FrcYiXXlqC4z5d5XQBDRqtbfsRjnwGyqbi3gddNtWHuEk9OANUotL26qKUw==}

  zod@3.25.76:
    resolution: {integrity: sha512-gzUt/qt81nXsFGKIFcC3YnfEAx5NkunCfnDlvuBSSFS02bcXu4Lmea0AFIUwbLWxWPx3d9p8S5QoaujKcNQxcQ==}

snapshots:

  '@ai-sdk/openai@1.3.23(zod@3.25.76)':
    dependencies:
      '@ai-sdk/provider': 1.1.3
      '@ai-sdk/provider-utils': 2.2.8(zod@3.25.76)
      zod: 3.25.76

  '@ai-sdk/provider-utils@2.2.8(zod@3.25.76)':
    dependencies:
      '@ai-sdk/provider': 1.1.3
      nanoid: 3.3.11
      secure-json-parse: 2.7.0
      zod: 3.25.76

  '@ai-sdk/provider@1.1.3':
    dependencies:
      json-schema: 0.4.0

  dotenv@17.2.1: {}

  json-schema@0.4.0: {}

  nanoid@3.3.11: {}

  secure-json-parse@2.7.0: {}

  zod@3.25.76: {}
