lockfileVersion: '9.0'

settings:
  autoInstallPeers: true
  excludeLinksFromLockfile: false

overrides:
  '@mastra/mcp': link:../../packages/mcp
  '@mastra/mcp-registry-registry': link:../../packages/mcp-registry-registry
  '@mastra/core': link:../../packages/core

importers:

  .:
    dependencies:
      '@ai-sdk/openai':
        specifier: ^1.3.20
        version: 1.3.20(zod@3.24.3)
      '@mastra/core':
        specifier: link:../../packages/core
        version: link:../../packages/core
      '@mastra/mcp':
        specifier: link:../../packages/mcp
        version: link:../../packages/mcp
      '@mastra/mcp-registry-registry':
        specifier: link:../../packages/mcp-registry-registry
        version: link:../../packages/mcp-registry-registry
      zod:
        specifier: ^3.24.3
        version: 3.24.3

packages:

  '@ai-sdk/openai@1.3.20':
    resolution: {integrity: sha512-/DflUy7ROG9k6n6YTXMBFPbujBKnbGY58f3CwvicLvDar9nDAloVnUWd3LUoOxpSVnX8vtQ7ngxF52SLWO6RwQ==}
    engines: {node: '>=18'}
    peerDependencies:
      zod: ^3.0.0

  '@ai-sdk/provider-utils@2.2.7':
    resolution: {integrity: sha512-kM0xS3GWg3aMChh9zfeM+80vEZfXzR3JEUBdycZLtbRZ2TRT8xOj3WodGHPb06sUK5yD7pAXC/P7ctsi2fvUGQ==}
    engines: {node: '>=18'}
    peerDependencies:
      zod: ^3.23.8

  '@ai-sdk/provider@1.1.3':
    resolution: {integrity: sha512-qZMxYJ0qqX/RfnuIaab+zp8UAeJn/ygXXAffR5I4N0n1IrvA6qBsjc8hXLmBiMV2zoXlifkacF7sEFnYnjBcqg==}
    engines: {node: '>=18'}

  json-schema@0.4.0:
    resolution: {integrity: sha512-es94M3nTIfsEPisRafak+HDLfHXnKBhV3vU5eqPcS3flIWqcxJWgXHXiey3YrpaNsanY5ei1VoYEbOzijuq9BA==}

  nanoid@3.3.11:
    resolution: {integrity: sha512-N8SpfPUnUp1bK+PMYW8qSWdl9U+wwNWI4QKxOYDy9JAro3WMX7p2OeVRF9v+347pnakNevPmiHhNmZ2HbFA76w==}
    engines: {node: ^10 || ^12 || ^13.7 || ^14 || >=15.0.1}
    hasBin: true

  secure-json-parse@2.7.0:
    resolution: {integrity: sha512-6aU+Rwsezw7VR8/nyvKTx8QpWH9FrcYiXXlqC4z5d5XQBDRqtbfsRjnwGyqbi3gddNtWHuEk9OANUotL26qKUw==}

  zod@3.24.3:
    resolution: {integrity: sha512-HhY1oqzWCQWuUqvBFnsyrtZRhyPeR7SUGv+C4+MsisMuVfSPx8HpwWqH8tRahSlt6M3PiFAcoeFhZAqIXTxoSg==}

snapshots:

  '@ai-sdk/openai@1.3.20(zod@3.24.3)':
    dependencies:
      '@ai-sdk/provider': 1.1.3
      '@ai-sdk/provider-utils': 2.2.7(zod@3.24.3)
      zod: 3.24.3

  '@ai-sdk/provider-utils@2.2.7(zod@3.24.3)':
    dependencies:
      '@ai-sdk/provider': 1.1.3
      nanoid: 3.3.11
      secure-json-parse: 2.7.0
      zod: 3.24.3

  '@ai-sdk/provider@1.1.3':
    dependencies:
      json-schema: 0.4.0

  json-schema@0.4.0: {}

  nanoid@3.3.11: {}

  secure-json-parse@2.7.0: {}

  zod@3.24.3: {}
